{
    "_readme": [
        "This file locks the dependencies of your project to a known state",
        "Read more about it at https://getcomposer.org/doc/01-basic-usage.md#installing-dependencies",
        "This file is @generated automatically"
    ],
    "content-hash": "c6b2e8874d8c15327eeb4295dddd85f0",
    "packages": [
        {
            "name": "jeffreyvanrossum/wp-settings",
            "version": "dev-master",
            "source": {
                "type": "git",
                "url": "https://github.com/jeffreyvr/wp-settings.git",
                "reference": "90e615f3d19d016eb641e936799788522307ffe0"
            },
            "dist": {
                "type": "zip",
                "url": "https://api.github.com/repos/jeffreyvr/wp-settings/zipball/90e615f3d19d016eb641e936799788522307ffe0",
                "reference": "90e615f3d19d016eb641e936799788522307ffe0",
                "shasum": ""
            },
            "require": {
                "php": "^7.2|^8.0"
            },
            "require-dev": {
                "phpcompatibility/php-compatibility": "*"
            },
            "default-branch": true,
            "type": "library",
            "autoload": {
                "files": [
                    "src/helpers.php"
                ],
                "psr-4": {
                    "Jeffreyvr\\WPSettings\\": "src"
                }
            },
            "notification-url": "https://packagist.org/downloads/",
            "license": [
                "MIT"
            ],
            "authors": [
                {
                    "name": "Jeffrey van Rossum",
                    "email": "jeffrey@vanrossum.dev"
                }
            ],
            "description": "Handy wrapper to make creating WordPress settings pages a breeze.",
            "support": {
                "issues": "https://github.com/jeffreyvr/wp-settings/issues",
                "source": "https://github.com/jeffreyvr/wp-settings/tree/master"
            },
            "funding": [
                {
                    "url": "https://vanrossum.dev/donate",
                    "type": "custom"
                }
            ],
            "time": "2022-08-04T09:08:27+00:00"
        }
    ],
    "packages-dev": [
        {
            "name": "automattic/jetpack-autoloader",
            "version": "dev-trunk",
            "source": {
                "type": "git",
                "url": "https://github.com/Automattic/jetpack-autoloader.git",
                "reference": "65170ab358aa5a8efd9de96666a46b74dc74513d"
            },
            "dist": {
                "type": "zip",
                "url": "https://api.github.com/repos/Automattic/jetpack-autoloader/zipball/65170ab358aa5a8efd9de96666a46b74dc74513d",
                "reference": "65170ab358aa5a8efd9de96666a46b74dc74513d",
                "shasum": ""
            },
            "require": {
                "composer-plugin-api": "^1.1 || ^2.0"
            },
            "require-dev": {
                "automattic/jetpack-changelogger": "^3.2",
                "yoast/phpunit-polyfills": "1.0.3"
            },
            "default-branch": true,
            "type": "composer-plugin",
            "extra": {
                "autotagger": true,
                "class": "Automattic\\Jetpack\\Autoloader\\CustomAutoloaderPlugin",
                "mirror-repo": "Automattic/jetpack-autoloader",
                "changelogger": {
                    "link-template": "https://github.com/Automattic/jetpack-autoloader/compare/v${old}...v${new}"
                },
                "branch-alias": {
                    "dev-trunk": "2.11.x-dev"
                }
            },
            "autoload": {
                "psr-4": {
                    "Automattic\\Jetpack\\Autoloader\\": "src"
                },
                "classmap": [
                    "src/AutoloadGenerator.php"
                ]
            },
            "notification-url": "https://packagist.org/downloads/",
            "license": [
                "GPL-2.0-or-later"
            ],
            "description": "Creates a custom autoloader for a plugin or theme.",
            "support": {
                "source": "https://github.com/Automattic/jetpack-autoloader/tree/v2.11.7"
            },
            "time": "2022-07-26T13:41:25+00:00"
        }
    ],
    "aliases": [],
    "minimum-stability": "dev",
    "stability-flags": {
        "jeffreyvanrossum/wp-settings": 20
    },
    "prefer-stable": false,
    "prefer-lowest": false,
    "platform": [],
    "platform-dev": [],
    "plugin-api-version": "2.1.0"
}
